
Microsoft Visual Studio Solution File, Format Version 12.00
# Visual Studio Version 17
VisualStudioVersion = 17.13.35931.197 d17.13
MinimumVisualStudioVersion = 10.0.40219.1
Project("{FAE04EC0-301F-11D3-BF4B-00C04F79EFBC}") = "ConsoleApp1", "ConsoleApp1\ConsoleApp1.csproj", "{F2684AED-0555-4A49-B7F7-9993EAFD25CD}"
EndProject
Project("{FAE04EC0-301F-11D3-BF4B-00C04F79EFBC}") = "ClassLibrary1", "ClassLibrary1\ClassLibrary1.csproj", "{5428200E-24EC-4FA0-AD34-C6FA42A4A065}"
EndProject
Project("{FAE04EC0-301F-11D3-BF4B-00C04F79EFBC}") = "TestProject3", "TestProject3\TestProject3.csproj", "{E92FC0C8-5CDB-4CCE-A0F1-EA56827DE38C}"
EndProject
Global
	GlobalSection(SolutionConfigurationPlatforms) = preSolution
		Debug|Any CPU = Debug|Any CPU
		Release|Any CPU = Release|Any CPU
	EndGlobalSection
	GlobalSection(ProjectConfigurationPlatforms) = postSolution
		{F2684AED-0555-4A49-B7F7-9993EAFD25CD}.Debug|Any CPU.ActiveCfg = Debug|Any CPU
		{F2684AED-0555-4A49-B7F7-9993EAFD25CD}.Debug|Any CPU.Build.0 = Debug|Any CPU
		{F2684AED-0555-4A49-B7F7-9993EAFD25CD}.Release|Any CPU.ActiveCfg = Release|Any CPU
		{F2684AED-0555-4A49-B7F7-9993EAFD25CD}.Release|Any CPU.Build.0 = Release|Any CPU
		{5428200E-24EC-4FA0-AD34-C6FA42A4A065}.Debug|Any CPU.ActiveCfg = Debug|Any CPU
		{5428200E-24EC-4FA0-AD34-C6FA42A4A065}.Debug|Any CPU.Build.0 = Debug|Any CPU
		{5428200E-24EC-4FA0-AD34-C6FA42A4A065}.Release|Any CPU.ActiveCfg = Release|Any CPU
		{5428200E-24EC-4FA0-AD34-C6FA42A4A065}.Release|Any CPU.Build.0 = Release|Any CPU
		{E92FC0C8-5CDB-4CCE-A0F1-EA56827DE38C}.Debug|Any CPU.ActiveCfg = Debug|Any CPU
		{E92FC0C8-5CDB-4CCE-A0F1-EA56827DE38C}.Debug|Any CPU.Build.0 = Debug|Any CPU
		{E92FC0C8-5CDB-4CCE-A0F1-EA56827DE38C}.Release|Any CPU.ActiveCfg = Release|Any CPU
		{E92FC0C8-5CDB-4CCE-A0F1-EA56827DE38C}.Release|Any CPU.Build.0 = Release|Any CPU
	EndGlobalSection
	GlobalSection(SolutionProperties) = preSolution
		HideSolutionNode = FALSE
	EndGlobalSection
	GlobalSection(ExtensibilityGlobals) = postSolution
		SolutionGuid = {D2868886-85E6-4FF7-AE0C-84BB2D258E32}
	EndGlobalSection
EndGlobal
